
Microsoft Visual Studio Solution File, Format Version 12.00
# Visual Studio Version 16
VisualStudioVersion = 16.0.31624.102
MinimumVisualStudioVersion = 10.0.40219.1
Project("{FAE04EC0-301F-11D3-BF4B-00C04F79EFBC}") = "My_PPM", "My_PPM\My_PPM.csproj", "{ED1802B9-5180-43CA-ABAD-6D098A95B376}"
EndProject
Global
	GlobalSection(SolutionConfigurationPlatforms) = preSolution
		Debug|Any CPU = Debug|Any CPU
		Release|Any CPU = Release|Any CPU
	EndGlobalSection
	GlobalSection(ProjectConfigurationPlatforms) = postSolution
		{ED1802B9-5180-43CA-ABAD-6D098A95B376}.Debug|Any CPU.ActiveCfg = Debug|Any CPU
		{ED1802B9-5180-43CA-ABAD-6D098A95B376}.Debug|Any CPU.Build.0 = Debug|Any CPU
		{ED1802B9-5180-43CA-ABAD-6D098A95B376}.Release|Any CPU.ActiveCfg = Release|Any CPU
		{ED1802B9-5180-43CA-ABAD-6D098A95B376}.Release|Any CPU.Build.0 = Release|Any CPU
	EndGlobalSection
	GlobalSection(SolutionProperties) = preSolution
		HideSolutionNode = FALSE
	EndGlobalSection
	GlobalSection(ExtensibilityGlobals) = postSolution
		SolutionGuid = {C48751A2-B446-4E53-9BAC-CBC7D17F53FC}
	EndGlobalSection
EndGlobal
